
Microsoft Visual Studio Solution File, Format Version 12.00
# Visual Studio Version 17
VisualStudioVersion = 17.7.34031.279
MinimumVisualStudioVersion = 10.0.40219.1
Project("{FAE04EC0-301F-11D3-BF4B-00C04F79EFBC}") = "QuanLyTaiKhoanNganHang", "QuanLyTaiKhoanNganHang\QuanLyTaiKhoanNganHang.csproj", "{FF8FE02E-DEEA-4A45-9BE3-2EEDC9170D14}"
EndProject
Global
	GlobalSection(SolutionConfigurationPlatforms) = preSolution
		Debug|Any CPU = Debug|Any CPU
		Release|Any CPU = Release|Any CPU
	EndGlobalSection
	GlobalSection(ProjectConfigurationPlatforms) = postSolution
		{FF8FE02E-DEEA-4A45-9BE3-2EEDC9170D14}.Debug|Any CPU.ActiveCfg = Debug|Any CPU
		{FF8FE02E-DEEA-4A45-9BE3-2EEDC9170D14}.Debug|Any CPU.Build.0 = Debug|Any CPU
		{FF8FE02E-DEEA-4A45-9BE3-2EEDC9170D14}.Release|Any CPU.ActiveCfg = Release|Any CPU
		{FF8FE02E-DEEA-4A45-9BE3-2EEDC9170D14}.Release|Any CPU.Build.0 = Release|Any CPU
	EndGlobalSection
	GlobalSection(SolutionProperties) = preSolution
		HideSolutionNode = FALSE
	EndGlobalSection
	GlobalSection(ExtensibilityGlobals) = postSolution
		SolutionGuid = {F8F48FD0-B2B1-48B2-8A98-051E175C3AF7}
	EndGlobalSection
EndGlobal
